
Microsoft Visual Studio Solution File, Format Version 12.00
# Visual Studio 15
VisualStudioVersion = 15.0.28307.1231
MinimumVisualStudioVersion = 10.0.40219.1
Project("{9A19103F-16F7-4668-BE54-9A1E7A4F7556}") = "LearnNetCore", "LearnNetCore\LearnNetCore.csproj", "{DF6CF45B-AE1C-4FE3-9EC6-CBFBA830F336}"
EndProject
Project("{FAE04EC0-301F-11D3-BF4B-00C04F79EFBC}") = "WebClient", "WebClient\WebClient.csproj", "{13F7929F-76F5-4876-B6B4-0DD711DD7304}"
EndProject
Global
	GlobalSection(SolutionConfigurationPlatforms) = preSolution
		Debug|Any CPU = Debug|Any CPU
		Release|Any CPU = Release|Any CPU
	EndGlobalSection
	GlobalSection(ProjectConfigurationPlatforms) = postSolution
		{DF6CF45B-AE1C-4FE3-9EC6-CBFBA830F336}.Debug|Any CPU.ActiveCfg = Debug|Any CPU
		{DF6CF45B-AE1C-4FE3-9EC6-CBFBA830F336}.Debug|Any CPU.Build.0 = Debug|Any CPU
		{DF6CF45B-AE1C-4FE3-9EC6-CBFBA830F336}.Release|Any CPU.ActiveCfg = Release|Any CPU
		{DF6CF45B-AE1C-4FE3-9EC6-CBFBA830F336}.Release|Any CPU.Build.0 = Release|Any CPU
		{13F7929F-76F5-4876-B6B4-0DD711DD7304}.Debug|Any CPU.ActiveCfg = Debug|Any CPU
		{13F7929F-76F5-4876-B6B4-0DD711DD7304}.Debug|Any CPU.Build.0 = Debug|Any CPU
		{13F7929F-76F5-4876-B6B4-0DD711DD7304}.Release|Any CPU.ActiveCfg = Release|Any CPU
		{13F7929F-76F5-4876-B6B4-0DD711DD7304}.Release|Any CPU.Build.0 = Release|Any CPU
	EndGlobalSection
	GlobalSection(SolutionProperties) = preSolution
		HideSolutionNode = FALSE
	EndGlobalSection
	GlobalSection(ExtensibilityGlobals) = postSolution
		SolutionGuid = {91F26338-8B31-4CA7-9543-AE331C1FD105}
	EndGlobalSection
EndGlobal
